
Microsoft Visual Studio Solution File, Format Version 12.00
# Visual Studio Version 16
VisualStudioVersion = 16.0.30309.148
MinimumVisualStudioVersion = 10.0.40219.1
Project("{FAE04EC0-301F-11D3-BF4B-00C04F79EFBC}") = "GhostMod", "GhostMod.csproj", "{6954CA13-C6FE-4E0F-9C94-79A858B08BCE}"
EndProject
Global
	GlobalSection(SolutionConfigurationPlatforms) = preSolution
		Debug|Any CPU = Debug|Any CPU
		Release|Any CPU = Release|Any CPU
	EndGlobalSection
	GlobalSection(ProjectConfigurationPlatforms) = postSolution
		{6954CA13-C6FE-4E0F-9C94-79A858B08BCE}.Debug|Any CPU.ActiveCfg = Debug|Any CPU
		{6954CA13-C6FE-4E0F-9C94-79A858B08BCE}.Debug|Any CPU.Build.0 = Debug|Any CPU
		{6954CA13-C6FE-4E0F-9C94-79A858B08BCE}.Release|Any CPU.ActiveCfg = Release|Any CPU
		{6954CA13-C6FE-4E0F-9C94-79A858B08BCE}.Release|Any CPU.Build.0 = Release|Any CPU
	EndGlobalSection
	GlobalSection(SolutionProperties) = preSolution
		HideSolutionNode = FALSE
	EndGlobalSection
	GlobalSection(ExtensibilityGlobals) = postSolution
		SolutionGuid = {5ECFCB46-4828-4BAA-A5B7-A8178FA31DEE}
	EndGlobalSection
EndGlobal
